
Microsoft Visual Studio Solution File, Format Version 12.00
# Visual Studio Version 16
VisualStudioVersion = 16.0.31605.320
MinimumVisualStudioVersion = 10.0.40219.1
Project("{8BC9CEB8-8B4A-11D0-8D11-00A0C91BC942}") = "Proyecto1-Kevin-Yiriana", "Proyecto1-Kevin-Yiriana\Proyecto1-Kevin-Yiriana.vcxproj", "{CD1BAB72-3735-425F-BBF1-717151DF3EEC}"
EndProject
Global
	GlobalSection(SolutionConfigurationPlatforms) = preSolution
		Debug|x64 = Debug|x64
		Debug|x86 = Debug|x86
		Release|x64 = Release|x64
		Release|x86 = Release|x86
	EndGlobalSection
	GlobalSection(ProjectConfigurationPlatforms) = postSolution
		{CD1BAB72-3735-425F-BBF1-717151DF3EEC}.Debug|x64.ActiveCfg = Debug|x64
		{CD1BAB72-3735-425F-BBF1-717151DF3EEC}.Debug|x64.Build.0 = Debug|x64
		{CD1BAB72-3735-425F-BBF1-717151DF3EEC}.Debug|x86.ActiveCfg = Debug|Win32
		{CD1BAB72-3735-425F-BBF1-717151DF3EEC}.Debug|x86.Build.0 = Debug|Win32
		{CD1BAB72-3735-425F-BBF1-717151DF3EEC}.Release|x64.ActiveCfg = Release|x64
		{CD1BAB72-3735-425F-BBF1-717151DF3EEC}.Release|x64.Build.0 = Release|x64
		{CD1BAB72-3735-425F-BBF1-717151DF3EEC}.Release|x86.ActiveCfg = Release|Win32
		{CD1BAB72-3735-425F-BBF1-717151DF3EEC}.Release|x86.Build.0 = Release|Win32
	EndGlobalSection
	GlobalSection(SolutionProperties) = preSolution
		HideSolutionNode = FALSE
	EndGlobalSection
	GlobalSection(ExtensibilityGlobals) = postSolution
		SolutionGuid = {7E91BC70-9700-4310-B1C6-9A47B03F7BAD}
	EndGlobalSection
EndGlobal
